
Microsoft Visual Studio Solution File, Format Version 10.00
# Visual Studio 2008
Project("{F2A71F9B-5D33-465A-A702-920D77279786}") = "Countdown", "Countdown\Countdown.fsproj", "{128A94C4-B498-465D-9437-17FAF707F472}"
EndProject
Project("{FAE04EC0-301F-11D3-BF4B-00C04F79EFBC}") = "Countdown.Tests", "Countdown.Tests\Countdown.Tests.csproj", "{D5E6A538-21FE-4E0E-9114-5AA5A0C695AC}"
EndProject
Global
	GlobalSection(SolutionConfigurationPlatforms) = preSolution
		Debug|Any CPU = Debug|Any CPU
		Release|Any CPU = Release|Any CPU
	EndGlobalSection
	GlobalSection(ProjectConfigurationPlatforms) = postSolution
		{128A94C4-B498-465D-9437-17FAF707F472}.Debug|Any CPU.ActiveCfg = Debug|Any CPU
		{128A94C4-B498-465D-9437-17FAF707F472}.Debug|Any CPU.Build.0 = Debug|Any CPU
		{128A94C4-B498-465D-9437-17FAF707F472}.Release|Any CPU.ActiveCfg = Release|Any CPU
		{128A94C4-B498-465D-9437-17FAF707F472}.Release|Any CPU.Build.0 = Release|Any CPU
		{D5E6A538-21FE-4E0E-9114-5AA5A0C695AC}.Debug|Any CPU.ActiveCfg = Debug|Any CPU
		{D5E6A538-21FE-4E0E-9114-5AA5A0C695AC}.Debug|Any CPU.Build.0 = Debug|Any CPU
		{D5E6A538-21FE-4E0E-9114-5AA5A0C695AC}.Release|Any CPU.ActiveCfg = Release|Any CPU
		{D5E6A538-21FE-4E0E-9114-5AA5A0C695AC}.Release|Any CPU.Build.0 = Release|Any CPU
	EndGlobalSection
	GlobalSection(SolutionProperties) = preSolution
		HideSolutionNode = FALSE
	EndGlobalSection
EndGlobal
